
Microsoft Visual Studio Solution File, Format Version 12.00
# Visual Studio Version 16
VisualStudioVersion = 16.0.29503.13
MinimumVisualStudioVersion = 10.0.40219.1
Project("{FAE04EC0-301F-11D3-BF4B-00C04F79EFBC}") = "BackendCode", "BackendCode\BackendCode.csproj", "{089207D2-BFE1-48B7-B0A6-F979D1D6DCE8}"
EndProject
Global
	GlobalSection(SolutionConfigurationPlatforms) = preSolution
		Debug|Any CPU = Debug|Any CPU
		Release|Any CPU = Release|Any CPU
	EndGlobalSection
	GlobalSection(ProjectConfigurationPlatforms) = postSolution
		{089207D2-BFE1-48B7-B0A6-F979D1D6DCE8}.Debug|Any CPU.ActiveCfg = Debug|Any CPU
		{089207D2-BFE1-48B7-B0A6-F979D1D6DCE8}.Debug|Any CPU.Build.0 = Debug|Any CPU
		{089207D2-BFE1-48B7-B0A6-F979D1D6DCE8}.Release|Any CPU.ActiveCfg = Release|Any CPU
		{089207D2-BFE1-48B7-B0A6-F979D1D6DCE8}.Release|Any CPU.Build.0 = Release|Any CPU
	EndGlobalSection
	GlobalSection(SolutionProperties) = preSolution
		HideSolutionNode = FALSE
	EndGlobalSection
	GlobalSection(ExtensibilityGlobals) = postSolution
		SolutionGuid = {385F2D2C-3905-4AC0-ACAD-379DF9ED3415}
	EndGlobalSection
EndGlobal
