
Microsoft Visual Studio Solution File, Format Version 12.00
# Visual Studio Version 16
VisualStudioVersion = 16.0.31424.327
MinimumVisualStudioVersion = 10.0.40219.1
Project("{FAE04EC0-301F-11D3-BF4B-00C04F79EFBC}") = "SyncPlayWPF", "SyncPlayWPF\SyncPlayWPF.csproj", "{5164BB6D-D021-476B-BB5E-C030E1B54463}"
EndProject
Global
	GlobalSection(SolutionConfigurationPlatforms) = preSolution
		Debug|Any CPU = Debug|Any CPU
		Release|Any CPU = Release|Any CPU
	EndGlobalSection
	GlobalSection(ProjectConfigurationPlatforms) = postSolution
		{5164BB6D-D021-476B-BB5E-C030E1B54463}.Debug|Any CPU.ActiveCfg = Debug|Any CPU
		{5164BB6D-D021-476B-BB5E-C030E1B54463}.Debug|Any CPU.Build.0 = Debug|Any CPU
		{5164BB6D-D021-476B-BB5E-C030E1B54463}.Release|Any CPU.ActiveCfg = Release|Any CPU
		{5164BB6D-D021-476B-BB5E-C030E1B54463}.Release|Any CPU.Build.0 = Release|Any CPU
	EndGlobalSection
	GlobalSection(SolutionProperties) = preSolution
		HideSolutionNode = FALSE
	EndGlobalSection
	GlobalSection(ExtensibilityGlobals) = postSolution
		SolutionGuid = {10A6045B-BEBF-46D7-A6D0-339AA2F86249}
	EndGlobalSection
EndGlobal
